// !$*UTF8*$!
{
	archiveVersion = 1;
	classes = {
	};
	objectVersion = 46;
	objects = {

/* Begin PBXBuildFile section */
		8445B4071AF930E3000F7394 /* AppDelegate.swift in Sources */ = {isa = PBXBuildFile; fileRef = 8445B4061AF930E3000F7394 /* AppDelegate.swift */; };
		8445B4091AF930E3000F7394 /* ViewController.swift in Sources */ = {isa = PBXBuildFile; fileRef = 8445B4081AF930E3000F7394 /* ViewController.swift */; };
		8445B40C1AF930E3000F7394 /* Main.storyboard in Resources */ = {isa = PBXBuildFile; fileRef = 8445B40A1AF930E3000F7394 /* Main.storyboard */; };
		8445B40E1AF930E3000F7394 /* Images.xcassets in Resources */ = {isa = PBXBuildFile; fileRef = 8445B40D1AF930E3000F7394 /* Images.xcassets */; };
		8445B4111AF930E3000F7394 /* LaunchScreen.xib in Resources */ = {isa = PBXBuildFile; fileRef = 8445B40F1AF930E3000F7394 /* LaunchScreen.xib */; };
		8445B41D1AF930E3000F7394 /* dropboxTests.swift in Sources */ = {isa = PBXBuildFile; fileRef = 8445B41C1AF930E3000F7394 /* dropboxTests.swift */; };
/* End PBXBuildFile section */

/* Begin PBXContainerItemProxy section */
		8445B4171AF930E3000F7394 /* PBXContainerItemProxy */ = {
			isa = PBXContainerItemProxy;
			containerPortal = 8445B3F91AF930E3000F7394 /* Project object */;
			proxyType = 1;
			remoteGlobalIDString = 8445B4001AF930E3000F7394;
			remoteInfo = dropbox;
		};
/* End PBXContainerItemProxy section */

/* Begin PBXFileReference section */
		8445B4011AF930E3000F7394 /* dropbox.app */ = {isa = PBXFileReference; explicitFileType = wrapper.application; includeInIndex = 0; path = dropbox.app; sourceTree = BUILT_PRODUCTS_DIR; };
		8445B4051AF930E3000F7394 /* Info.plist */ = {isa = PBXFileReference; lastKnownFileType = text.plist.xml; path = Info.plist; sourceTree = "<group>"; };
		8445B4061AF930E3000F7394 /* AppDelegate.swift */ = {isa = PBXFileReference; lastKnownFileType = sourcecode.swift; path = AppDelegate.swift; sourceTree = "<group>"; };
		8445B4081AF930E3000F7394 /* ViewController.swift */ = {isa = PBXFileReference; lastKnownFileType = sourcecode.swift; path = ViewController.swift; sourceTree = "<group>"; };
		8445B40B1AF930E3000F7394 /* Base */ = {isa = PBXFileReference; lastKnownFileType = file.storyboard; name = Base; path = Base.lproj/Main.storyboard; sourceTree = "<group>"; };
		8445B40D1AF930E3000F7394 /* Images.xcassets */ = {isa = PBXFileReference; lastKnownFileType = folder.assetcatalog; path = Images.xcassets; sourceTree = "<group>"; };
		8445B4101AF930E3000F7394 /* Base */ = {isa = PBXFileReference; lastKnownFileType = file.xib; name = Base; path = Base.lproj/LaunchScreen.xib; sourceTree = "<group>"; };
		8445B4161AF930E3000F7394 /* dropboxTests.xctest */ = {isa = PBXFileReference; explicitFileType = wrapper.cfbundle; includeInIndex = 0; path = dropboxTests.xctest; sourceTree = BUILT_PRODUCTS_DIR; };
		8445B41B1AF930E3000F7394 /* Info.plist */ = {isa = PBXFileReference; lastKnownFileType = text.plist.xml; path = Info.plist; sourceTree = "<group>"; };
		8445B41C1AF930E3000F7394 /* dropboxTests.swift */ = {isa = PBXFileReference; lastKnownFileType = sourcecode.swift; path = dropboxTests.swift; sourceTree = "<group>"; };
/* End PBXFileReference section */

/* Begin PBXFrameworksBuildPhase section */
		8445B3FE1AF930E3000F7394 /* Frameworks */ = {
			isa = PBXFrameworksBuildPhase;
			buildActionMask = 2147483647;
			files = (
			);
			runOnlyForDeploymentPostprocessing = 0;
		};
		8445B4131AF930E3000F7394 /* Frameworks */ = {
			isa = PBXFrameworksBuildPhase;
			buildActionMask = 2147483647;
			files = (
			);
			runOnlyForDeploymentPostprocessing = 0;
		};
/* End PBXFrameworksBuildPhase section */

/* Begin PBXGroup section */
		8445B3F81AF930E3000F7394 = {
			isa = PBXGroup;
			children = (
				8445B4031AF930E3000F7394 /* dropbox */,
				8445B4191AF930E3000F7394 /* dropboxTests */,
				8445B4021AF930E3000F7394 /* Products */,
			);
			sourceTree = "<group>";
		};
		8445B4021AF930E3000F7394 /* Products */ = {
			isa = PBXGroup;
			children = (
				8445B4011AF930E3000F7394 /* dropbox.app */,
				8445B4161AF930E3000F7394 /* dropboxTests.xctest */,
			);
			name = Products;
			sourceTree = "<group>";
		};
		8445B4031AF930E3000F7394 /* dropbox */ = {
			isa = PBXGroup;
			children = (
				8445B4061AF930E3000F7394 /* AppDelegate.swift */,
				8445B4081AF930E3000F7394 /* ViewController.swift */,
				8445B40A1AF930E3000F7394 /* Main.storyboard */,
				8445B40D1AF930E3000F7394 /* Images.xcassets */,
				8445B40F1AF930E3000F7394 /* LaunchScreen.xib */,
				8445B4041AF930E3000F7394 /* Supporting Files */,
			);
			path = dropbox;
			sourceTree = "<group>";
		};
		8445B4041AF930E3000F7394 /* Supporting Files */ = {
			isa = PBXGroup;
			children = (
				8445B4051AF930E3000F7394 /* Info.plist */,
			);
			name = "Supporting Files";
			sourceTree = "<group>";
		};
		8445B4191AF930E3000F7394 /* dropboxTests */ = {
			isa = PBXGroup;
			children = (
				8445B41C1AF930E3000F7394 /* dropboxTests.swift */,
				8445B41A1AF930E3000F7394 /* Supporting Files */,
			);
			path = dropboxTests;
			sourceTree = "<group>";
		};
		8445B41A1AF930E3000F7394 /* Supporting Files */ = {
			isa = PBXGroup;
			children = (
				8445B41B1AF930E3000F7394 /* Info.plist */,
			);
			name = "Supporting Files";
			sourceTree = "<group>";
		};
/* End PBXGroup section */

/* Begin PBXNativeTarget section */
		8445B4001AF930E3000F7394 /* dropbox */ = {
			isa = PBXNativeTarget;
			buildConfigurationList = 8445B4201AF930E3000F7394 /* Build configuration list for PBXNativeTarget "dropbox" */;
			buildPhases = (
				8445B3FD1AF930E3000F7394 /* Sources */,
				8445B3FE1AF930E3000F7394 /* Frameworks */,
				8445B3FF1AF930E3000F7394 /* Resources */,
			);
			buildRules = (
			);
			dependencies = (
			);
			name = dropbox;
			productName = dropbox;
			productReference = 8445B4011AF930E3000F7394 /* dropbox.app */;
			productType = "com.apple.product-type.application";
		};
		8445B4151AF930E3000F7394 /* dropboxTests */ = {
			isa = PBXNativeTarget;
			buildConfigurationList = 8445B4231AF930E3000F7394 /* Build configuration list for PBXNativeTarget "dropboxTests" */;
			buildPhases = (
				8445B4121AF930E3000F7394 /* Sources */,
				8445B4131AF930E3000F7394 /* Frameworks */,
				8445B4141AF930E3000F7394 /* Resources */,
			);
			buildRules = (
			);
			dependencies = (
				8445B4181AF930E3000F7394 /* PBXTargetDependency */,
			);
			name = dropboxTests;
			productName = dropboxTests;
			productReference = 8445B4161AF930E3000F7394 /* dropboxTests.xctest */;
			productType = "com.apple.product-type.bundle.unit-test";
		};
/* End PBXNativeTarget section */

/* Begin PBXProject section */
		8445B3F91AF930E3000F7394 /* Project object */ = {
			isa = PBXProject;
			attributes = {
				LastUpgradeCheck = 0630;
				ORGANIZATIONNAME = "Jules Walter";
				TargetAttributes = {
					8445B4001AF930E3000F7394 = {
						CreatedOnToolsVersion = 6.3;
					};
					8445B4151AF930E3000F7394 = {
						CreatedOnToolsVersion = 6.3;
						TestTargetID = 8445B4001AF930E3000F7394;
					};
				};
			};
			buildConfigurationList = 8445B3FC1AF930E3000F7394 /* Build configuration list for PBXProject "dropbox" */;
			compatibilityVersion = "Xcode 3.2";
			developmentRegion = English;
			hasScannedForEncodings = 0;
			knownRegions = (
				en,
				Base,
			);
			mainGroup = 8445B3F81AF930E3000F7394;
			productRefGroup = 8445B4021AF930E3000F7394 /* Products */;
			projectDirPath = "";
			projectRoot = "";
			targets = (
				8445B4001AF930E3000F7394 /* dropbox */,
				8445B4151AF930E3000F7394 /* dropboxTests */,
			);
		};
/* End PBXProject section */

/* Begin PBXResourcesBuildPhase section */
		8445B3FF1AF930E3000F7394 /* Resources */ = {
			isa = PBXResourcesBuildPhase;
			buildActionMask = 2147483647;
			files = (
				8445B40C1AF930E3000F7394 /* Main.storyboard in Resources */,
				8445B4111AF930E3000F7394 /* LaunchScreen.xib in Resources */,
				8445B40E1AF930E3000F7394 /* Images.xcassets in Resources */,
			);
			runOnlyForDeploymentPostprocessing = 0;
		};
		8445B4141AF930E3000F7394 /* Resources */ = {
			isa = PBXResourcesBuildPhase;
			buildActionMask = 2147483647;
			files = (
			);
			runOnlyForDeploymentPostprocessing = 0;
		};
/* End PBXResourcesBuildPhase section */

/* Begin PBXSourcesBuildPhase section */
		8445B3FD1AF930E3000F7394 /* Sources */ = {
			isa = PBXSourcesBuildPhase;
			buildActionMask = 2147483647;
			files = (
				8445B4091AF930E3000F7394 /* ViewController.swift in Sources */,
				8445B4071AF930E3000F7394 /* AppDelegate.swift in Sources */,
			);
			runOnlyForDeploymentPostprocessing = 0;
		};
		8445B4121AF930E3000F7394 /* Sources */ = {
			isa = PBXSourcesBuildPhase;
			buildActionMask = 2147483647;
			files = (
				8445B41D1AF930E3000F7394 /* dropboxTests.swift in Sources */,
			);
			runOnlyForDeploymentPostprocessing = 0;
		};
/* End PBXSourcesBuildPhase section */

/* Begin PBXTargetDependency section */
		8445B4181AF930E3000F7394 /* PBXTargetDependency */ = {
			isa = PBXTargetDependency;
			target = 8445B4001AF930E3000F7394 /* dropbox */;
			targetProxy = 8445B4171AF930E3000F7394 /* PBXContainerItemProxy */;
		};
/* End PBXTargetDependency section */

/* Begin PBXVariantGroup section */
		8445B40A1AF930E3000F7394 /* Main.storyboard */ = {
			isa = PBXVariantGroup;
			children = (
				8445B40B1AF930E3000F7394 /* Base */,
			);
			name = Main.storyboard;
			sourceTree = "<group>";
		};
		8445B40F1AF930E3000F7394 /* LaunchScreen.xib */ = {
			isa = PBXVariantGroup;
			children = (
				8445B4101AF930E3000F7394 /* Base */,
			);
			name = LaunchScreen.xib;
			sourceTree = "<group>";
		};
/* End PBXVariantGroup section */

/* Begin XCBuildConfiguration section */
		8445B41E1AF930E3000F7394 /* Debug */ = {
			isa = XCBuildConfiguration;
			buildSettings = {
				ALWAYS_SEARCH_USER_PATHS = NO;
				CLANG_CXX_LANGUAGE_STANDARD = "gnu++0x";
				CLANG_CXX_LIBRARY = "libc++";
				CLANG_ENABLE_MODULES = YES;
				CLANG_ENABLE_OBJC_ARC = YES;
				CLANG_WARN_BOOL_CONVERSION = YES;
				CLANG_WARN_CONSTANT_CONVERSION = YES;
				CLANG_WARN_DIRECT_OBJC_ISA_USAGE = YES_ERROR;
				CLANG_WARN_EMPTY_BODY = YES;
				CLANG_WARN_ENUM_CONVERSION = YES;
				CLANG_WARN_INT_CONVERSION = YES;
				CLANG_WARN_OBJC_ROOT_CLASS = YES_ERROR;
				CLANG_WARN_UNREACHABLE_CODE = YES;
				CLANG_WARN__DUPLICATE_METHOD_MATCH = YES;
				"CODE_SIGN_IDENTITY[sdk=iphoneos*]" = "iPhone Developer";
				COPY_PHASE_STRIP = NO;
				DEBUG_INFORMATION_FORMAT = "dwarf-with-dsym";
				ENABLE_STRICT_OBJC_MSGSEND = YES;
				GCC_C_LANGUAGE_STANDARD = gnu99;
				GCC_DYNAMIC_NO_PIC = NO;
				GCC_NO_COMMON_BLOCKS = YES;
				GCC_OPTIMIZATION_LEVEL = 0;
				GCC_PREPROCESSOR_DEFINITIONS = (
					"DEBUG=1",
					"$(inherited)",
				);
				GCC_SYMBOLS_PRIVATE_EXTERN = NO;
				GCC_WARN_64_TO_32_BIT_CONVERSION = YES;
				GCC_WARN_ABOUT_RETURN_TYPE = YES_ERROR;
				GCC_WARN_UNDECLARED_SELECTOR = YES;
				GCC_WARN_UNINITIALIZED_AUTOS = YES_AGGRESSIVE;
				GCC_WARN_UNUSED_FUNCTION = YES;
				GCC_WARN_UNUSED_VARIABLE = YES;
				IPHONEOS_DEPLOYMENT_TARGET = 8.3;
				MTL_ENABLE_DEBUG_INFO = YES;
				ONLY_ACTIVE_ARCH = YES;
				SDKROOT = iphoneos;
				SWIFT_OPTIMIZATION_LEVEL = "-Onone";
			};
			name = Debug;
		};
		8445B41F1AF930E3000F7394 /* Release */ = {
			isa = XCBuildConfiguration;
			buildSettings = {
				ALWAYS_SEARCH_USER_PATHS = NO;
				CLANG_CXX_LANGUAGE_STANDARD = "gnu++0x";
				CLANG_CXX_LIBRARY = "libc++";
				CLANG_ENABLE_MODULES = YES;
				CLANG_ENABLE_OBJC_ARC = YES;
				CLANG_WARN_BOOL_CONVERSION = YES;
				CLANG_WARN_CONSTANT_CONVERSION = YES;
				CLANG_WARN_DIRECT_OBJC_ISA_USAGE = YES_ERROR;
				CLANG_WARN_EMPTY_BODY = YES;
				CLANG_WARN_ENUM_CONVERSION = YES;
				CLANG_WARN_INT_CONVERSION = YES;
				CLANG_WARN_OBJC_ROOT_CLASS = YES_ERROR;
				CLANG_WARN_UNREACHABLE_CODE = YES;
				CLANG_WARN__DUPLICATE_METHOD_MATCH = YES;
				"CODE_SIGN_IDENTITY[sdk=iphoneos*]" = "iPhone Developer";
				COPY_PHASE_STRIP = NO;
				DEBUG_INFORMATION_FORMAT = "dwarf-with-dsym";
				ENABLE_NS_ASSERTIONS = NO;
				ENABLE_STRICT_OBJC_MSGSEND = YES;
				GCC_C_LANGUAGE_STANDARD = gnu99;
				GCC_NO_COMMON_BLOCKS = YES;
				GCC_WARN_64_TO_32_BIT_CONVERSION = YES;
				GCC_WARN_ABOUT_RETURN_TYPE = YES_ERROR;
				GCC_WARN_UNDECLARED_SELECTOR = YES;
				GCC_WARN_UNINITIALIZED_AUTOS = YES_AGGRESSIVE;
				GCC_WARN_UNUSED_FUNCTION = YES;
				GCC_WARN_UNUSED_VARIABLE = YES;
				IPHONEOS_DEPLOYMENT_TARGET = 8.3;
				MTL_ENABLE_DEBUG_INFO = NO;
				SDKROOT = iphoneos;
				VALIDATE_PRODUCT = YES;
			};
			name = Release;
		};
		8445B4211AF930E3000F7394 /* Debug */ = {
			isa = XCBuildConfiguration;
			buildSettings = {
				ASSETCATALOG_COMPILER_APPICON_NAME = AppIcon;
				INFOPLIST_FILE = dropbox/Info.plist;
				LD_RUNPATH_SEARCH_PATHS = "$(inherited) @executable_path/Frameworks";
				PRODUCT_NAME = "$(TARGET_NAME)";
			};
			name = Debug;
		};
		8445B4221AF930E3000F7394 /* Release */ = {
			isa = XCBuildConfiguration;
			buildSettings = {
				ASSETCATALOG_COMPILER_APPICON_NAME = AppIcon;
				INFOPLIST_FILE = dropbox/Info.plist;
				LD_RUNPATH_SEARCH_PATHS = "$(inherited) @executable_path/Frameworks";
				PRODUCT_NAME = "$(TARGET_NAME)";
			};
			name = Release;
		};
		8445B4241AF930E3000F7394 /* Debug */ = {
			isa = XCBuildConfiguration;
			buildSettings = {
				BUNDLE_LOADER = "$(TEST_HOST)";
				FRAMEWORK_SEARCH_PATHS = (
					"$(SDKROOT)/Developer/Library/Frameworks",
					"$(inherited)",
				);
				GCC_PREPROCESSOR_DEFINITIONS = (
					"DEBUG=1",
					"$(inherited)",
				);
				INFOPLIST_FILE = dropboxTests/Info.plist;
				LD_RUNPATH_SEARCH_PATHS = "$(inherited) @executable_path/Frameworks @loader_path/Frameworks";
				PRODUCT_NAME = "$(TARGET_NAME)";
				TEST_HOST = "$(BUILT_PRODUCTS_DIR)/dropbox.app/dropbox";
			};
			name = Debug;
		};
		8445B4251AF930E3000F7394 /* Release */ = {
			isa = XCBuildConfiguration;
			buildSettings = {
				BUNDLE_LOADER = "$(TEST_HOST)";
				FRAMEWORK_SEARCH_PATHS = (
					"$(SDKROOT)/Developer/Library/Frameworks",
					"$(inherited)",
				);
				INFOPLIST_FILE = dropboxTests/Info.plist;
				LD_RUNPATH_SEARCH_PATHS = "$(inherited) @executable_path/Frameworks @loader_path/Frameworks";
				PRODUCT_NAME = "$(TARGET_NAME)";
				TEST_HOST = "$(BUILT_PRODUCTS_DIR)/dropbox.app/dropbox";
			};
			name = Release;
		};
/* End XCBuildConfiguration section */

/* Begin XCConfigurationList section */
		8445B3FC1AF930E3000F7394 /* Build configuration list for PBXProject "dropbox" */ = {
			isa = XCConfigurationList;
			buildConfigurations = (
				8445B41E1AF930E3000F7394 /* Debug */,
				8445B41F1AF930E3000F7394 /* Release */,
			);
			defaultConfigurationIsVisible = 0;
			defaultConfigurationName = Release;
		};
		8445B4201AF930E3000F7394 /* Build configuration list for PBXNativeTarget "dropbox" */ = {
			isa = XCConfigurationList;
			buildConfigurations = (
				8445B4211AF930E3000F7394 /* Debug */,
				8445B4221AF930E3000F7394 /* Release */,
			);
			defaultConfigurationIsVisible = 0;
		};
		8445B4231AF930E3000F7394 /* Build configuration list for PBXNativeTarget "dropboxTests" */ = {
			isa = XCConfigurationList;
			buildConfigurations = (
				8445B4241AF930E3000F7394 /* Debug */,
				8445B4251AF930E3000F7394 /* Release */,
			);
			defaultConfigurationIsVisible = 0;
		};
/* End XCConfigurationList section */
	};
	rootObject = 8445B3F91AF930E3000F7394 /* Project object */;
}
